
Microsoft Visual Studio Solution File, Format Version 12.00
# Visual Studio Version 17
VisualStudioVersion = 17.5.33530.505
MinimumVisualStudioVersion = 10.0.40219.1
Project("{FAE04EC0-301F-11D3-BF4B-00C04F79EFBC}") = "Zak International Airport", "Zak International Airport.csproj", "{D6CAEDBE-ED83-46B3-B15E-1BED1677598A}"
EndProject
Global
	GlobalSection(SolutionConfigurationPlatforms) = preSolution
		Debug|Any CPU = Debug|Any CPU
		Release|Any CPU = Release|Any CPU
	EndGlobalSection
	GlobalSection(ProjectConfigurationPlatforms) = postSolution
		{D6CAEDBE-ED83-46B3-B15E-1BED1677598A}.Debug|Any CPU.ActiveCfg = Debug|Any CPU
		{D6CAEDBE-ED83-46B3-B15E-1BED1677598A}.Debug|Any CPU.Build.0 = Debug|Any CPU
		{D6CAEDBE-ED83-46B3-B15E-1BED1677598A}.Release|Any CPU.ActiveCfg = Release|Any CPU
		{D6CAEDBE-ED83-46B3-B15E-1BED1677598A}.Release|Any CPU.Build.0 = Release|Any CPU
	EndGlobalSection
	GlobalSection(SolutionProperties) = preSolution
		HideSolutionNode = FALSE
	EndGlobalSection
	GlobalSection(ExtensibilityGlobals) = postSolution
		SolutionGuid = {427E9372-A2F5-466A-8DAA-DFCD2732234E}
	EndGlobalSection
EndGlobal
